
Microsoft Visual Studio Solution File, Format Version 12.00
# Visual Studio Version 16
VisualStudioVersion = 16.0.30204.135
MinimumVisualStudioVersion = 10.0.40219.1
Project("{FAE04EC0-301F-11D3-BF4B-00C04F79EFBC}") = "Kolokwium", "Kolokwium.csproj", "{2B075F51-97E7-482D-9939-5033C821FA57}"
EndProject
Global
	GlobalSection(SolutionConfigurationPlatforms) = preSolution
		Debug|Any CPU = Debug|Any CPU
		Release|Any CPU = Release|Any CPU
	EndGlobalSection
	GlobalSection(ProjectConfigurationPlatforms) = postSolution
		{2B075F51-97E7-482D-9939-5033C821FA57}.Debug|Any CPU.ActiveCfg = Debug|Any CPU
		{2B075F51-97E7-482D-9939-5033C821FA57}.Debug|Any CPU.Build.0 = Debug|Any CPU
		{2B075F51-97E7-482D-9939-5033C821FA57}.Release|Any CPU.ActiveCfg = Release|Any CPU
		{2B075F51-97E7-482D-9939-5033C821FA57}.Release|Any CPU.Build.0 = Release|Any CPU
	EndGlobalSection
	GlobalSection(SolutionProperties) = preSolution
		HideSolutionNode = FALSE
	EndGlobalSection
	GlobalSection(ExtensibilityGlobals) = postSolution
		SolutionGuid = {A43A1E6A-3AFA-44BD-BEC9-2FE17F529776}
	EndGlobalSection
EndGlobal
